
Microsoft Visual Studio Solution File, Format Version 12.00
# Visual Studio Version 17
VisualStudioVersion = 17.0.31903.59
MinimumVisualStudioVersion = 10.0.40219.1
Project("{9A19103F-16F7-4668-BE54-9A1E7A4F7556}") = "Dating_App", "Dating_App.csproj", "{DB24822A-748E-4DE5-A791-9CE1F178BCA7}"
EndProject
Global
	GlobalSection(SolutionConfigurationPlatforms) = preSolution
		Debug|Any CPU = Debug|Any CPU
		Release|Any CPU = Release|Any CPU
	EndGlobalSection
	GlobalSection(ProjectConfigurationPlatforms) = postSolution
		{DB24822A-748E-4DE5-A791-9CE1F178BCA7}.Debug|Any CPU.ActiveCfg = Debug|Any CPU
		{DB24822A-748E-4DE5-A791-9CE1F178BCA7}.Debug|Any CPU.Build.0 = Debug|Any CPU
		{DB24822A-748E-4DE5-A791-9CE1F178BCA7}.Release|Any CPU.ActiveCfg = Release|Any CPU
		{DB24822A-748E-4DE5-A791-9CE1F178BCA7}.Release|Any CPU.Build.0 = Release|Any CPU
	EndGlobalSection
	GlobalSection(SolutionProperties) = preSolution
		HideSolutionNode = FALSE
	EndGlobalSection
	GlobalSection(ExtensibilityGlobals) = postSolution
		SolutionGuid = {A0911C46-7021-4472-B4E5-D303C489F235}
	EndGlobalSection
EndGlobal
